
Microsoft Visual Studio Solution File, Format Version 12.00
# Visual Studio Version 16
VisualStudioVersion = 16.0.29326.143
MinimumVisualStudioVersion = 10.0.40219.1
Project("{FAE04EC0-301F-11D3-BF4B-00C04F79EFBC}") = "SystemStatsApp", "SystemStatsApp\SystemStatsApp.csproj", "{3151FD35-EDC9-42B0-8AEB-4A2C3200FAC1}"
EndProject
Global
	GlobalSection(SolutionConfigurationPlatforms) = preSolution
		Debug|Any CPU = Debug|Any CPU
		Release|Any CPU = Release|Any CPU
	EndGlobalSection
	GlobalSection(ProjectConfigurationPlatforms) = postSolution
		{3151FD35-EDC9-42B0-8AEB-4A2C3200FAC1}.Debug|Any CPU.ActiveCfg = Debug|Any CPU
		{3151FD35-EDC9-42B0-8AEB-4A2C3200FAC1}.Debug|Any CPU.Build.0 = Debug|Any CPU
		{3151FD35-EDC9-42B0-8AEB-4A2C3200FAC1}.Release|Any CPU.ActiveCfg = Release|Any CPU
		{3151FD35-EDC9-42B0-8AEB-4A2C3200FAC1}.Release|Any CPU.Build.0 = Release|Any CPU
	EndGlobalSection
	GlobalSection(SolutionProperties) = preSolution
		HideSolutionNode = FALSE
	EndGlobalSection
	GlobalSection(ExtensibilityGlobals) = postSolution
		SolutionGuid = {B4F42E96-D742-4133-8818-3D37811202AB}
	EndGlobalSection
EndGlobal
